
Microsoft Visual Studio Solution File, Format Version 12.00
# Visual Studio Version 17
VisualStudioVersion = 17.8.34525.116
MinimumVisualStudioVersion = 10.0.40219.1
Project("{9A19103F-16F7-4668-BE54-9A1E7A4F7556}") = "BankTrackingSystem", "BankTrackingSystem.csproj", "{DEBAF9F0-5037-4569-813F-901DA1C53252}"
EndProject
Global
	GlobalSection(SolutionConfigurationPlatforms) = preSolution
		Debug|Any CPU = Debug|Any CPU
		Release|Any CPU = Release|Any CPU
	EndGlobalSection
	GlobalSection(ProjectConfigurationPlatforms) = postSolution
		{DEBAF9F0-5037-4569-813F-901DA1C53252}.Debug|Any CPU.ActiveCfg = Debug|Any CPU
		{DEBAF9F0-5037-4569-813F-901DA1C53252}.Debug|Any CPU.Build.0 = Debug|Any CPU
		{DEBAF9F0-5037-4569-813F-901DA1C53252}.Release|Any CPU.ActiveCfg = Release|Any CPU
		{DEBAF9F0-5037-4569-813F-901DA1C53252}.Release|Any CPU.Build.0 = Release|Any CPU
	EndGlobalSection
	GlobalSection(SolutionProperties) = preSolution
		HideSolutionNode = FALSE
	EndGlobalSection
	GlobalSection(ExtensibilityGlobals) = postSolution
		SolutionGuid = {E949826A-0C04-4C3B-AF02-405D68D91FBF}
	EndGlobalSection
EndGlobal
